github.com/tekwizely/go-parsing/lexer v0.0.0-20190624034051-15300d92c8b8 h1:KBCRM1p4jJ7fKQ8+OtmHExp+inDK8sqEBfwbD0A4w0g=
github.com/tekwizely/go-parsing/lexer v0.0.0-20190624034051-15300d92c8b8/go.mod h1:Oaebibsn9h2Wj93N1eAHxh/EHyTJPWpUtd3/xC5hq2I=
github.com/tekwizely/go-parsing/lexer/token v0.0.0-20190622183031-974f82a44df9 h1:CER0b3S1SASqumhRMvcosZUkAMs5ATzZoaCcREHBsO4=
github.com/tekwizely/go-parsing/lexer/token v0.0.0-20190622183031-974f82a44df9/go.mod h1:hrGEp224LWZwYH1FrdvwQC2uMjZdX5MDsydAc5FnrXM=
